
Microsoft Visual Studio Solution File, Format Version 12.00
# Visual Studio Version 16
VisualStudioVersion = 16.0.30711.63
MinimumVisualStudioVersion = 10.0.40219.1
Project("{FAE04EC0-301F-11D3-BF4B-00C04F79EFBC}") = "MyGrpcService", "MyGrpcService\MyGrpcService.csproj", "{4536EAEE-3333-4281-84F9-D62141BB0D88}"
EndProject
Project("{FAE04EC0-301F-11D3-BF4B-00C04F79EFBC}") = "MygRPCClient", "MygRPCClient\MygRPCClient.csproj", "{D3C3AAD9-031B-4C18-8CDF-2A2459EF203C}"
	ProjectSection(ProjectDependencies) = postProject
		{4536EAEE-3333-4281-84F9-D62141BB0D88} = {4536EAEE-3333-4281-84F9-D62141BB0D88}
	EndProjectSection
EndProject
Global
	GlobalSection(SolutionConfigurationPlatforms) = preSolution
		Debug|Any CPU = Debug|Any CPU
		Release|Any CPU = Release|Any CPU
	EndGlobalSection
	GlobalSection(ProjectConfigurationPlatforms) = postSolution
		{4536EAEE-3333-4281-84F9-D62141BB0D88}.Debug|Any CPU.ActiveCfg = Debug|Any CPU
		{4536EAEE-3333-4281-84F9-D62141BB0D88}.Debug|Any CPU.Build.0 = Debug|Any CPU
		{4536EAEE-3333-4281-84F9-D62141BB0D88}.Release|Any CPU.ActiveCfg = Release|Any CPU
		{4536EAEE-3333-4281-84F9-D62141BB0D88}.Release|Any CPU.Build.0 = Release|Any CPU
		{D3C3AAD9-031B-4C18-8CDF-2A2459EF203C}.Debug|Any CPU.ActiveCfg = Debug|Any CPU
		{D3C3AAD9-031B-4C18-8CDF-2A2459EF203C}.Debug|Any CPU.Build.0 = Debug|Any CPU
		{D3C3AAD9-031B-4C18-8CDF-2A2459EF203C}.Release|Any CPU.ActiveCfg = Release|Any CPU
		{D3C3AAD9-031B-4C18-8CDF-2A2459EF203C}.Release|Any CPU.Build.0 = Release|Any CPU
	EndGlobalSection
	GlobalSection(SolutionProperties) = preSolution
		HideSolutionNode = FALSE
	EndGlobalSection
	GlobalSection(ExtensibilityGlobals) = postSolution
		SolutionGuid = {A89CEFBB-4470-4615-9C14-BD8378101E42}
	EndGlobalSection
EndGlobal
